PODS:
  - AFNetworking (2.3.1):
    - AFNetworking/NSURLConnection
    - AFNetworking/NSURLSession
    - AFNetworking/Reachability
    - AFNetworking/Security
    - AFNetworking/Serialization
    - AFNetworking/UIKit
  - AFNetworking/NSURLConnection (2.3.1):
    - AFNetworking/Reachability
    - AFNetworking/Security
    - AFNetworking/Serialization
  - AFNetworking/NSURLSession (2.3.1):
    - AFNetworking/Reachability
    - AFNetworking/Security
    - AFNetworking/Serialization
  - AFNetworking/Reachability (2.3.1)
  - AFNetworking/Security (2.3.1)
  - AFNetworking/Serialization (2.3.1)
  - AFNetworking/UIKit (2.3.1):
    - AFNetworking/NSURLConnection
    - AFNetworking/NSURLSession
  - AnimatedGIFImageSerialization (0.0.1)
  - Aspects (1.4.1)
  - Bypass (1.0.1)
  - CGLMail (0.1.1)
  - ContentfulDeliveryAPI (1.2.0):
    - AFNetworking
    - HRCoder
    - ISO8601DateFormatter
  - CSStickyHeaderFlowLayout (0.2)
  - DDPageControl (0.1)
  - DHCShakeNotifier (0.2.0)
  - HRCoder (1.3.1)
  - ISO8601DateFormatter (0.7)
  - OpenSans (1.0.0)
  - TSMiniWebBrowser@dblock (1.1)
  - UITableView-NXEmptyView (0.1.6)

DEPENDENCIES:
  - AnimatedGIFImageSerialization
  - Aspects
  - Bypass
  - CGLMail
  - ContentfulDeliveryAPI
  - CSStickyHeaderFlowLayout
  - DDPageControl
  - DHCShakeNotifier
  - OpenSans
  - TSMiniWebBrowser@dblock
  - UITableView-NXEmptyView

SPEC CHECKSUMS:
  AFNetworking: 6d7b76aa5d04c8c37daad3eef4b7e3f2a7620da3
  AnimatedGIFImageSerialization: 59d27f2411f5669d35c8d99f32b1b7ff6bd892d0
  Aspects: a6368eba05295b24ffe0e9acfb9080cc3b0f4b5f
  Bypass: 225bc63ebb09e5674c1fc460b1708e775f68f52f
  CGLMail: ba03e1a69db3c27bad925fe1270cd99fada5ed69
  ContentfulDeliveryAPI: 3fda92dc0574251e1f0051154686e32095e49b96
  CSStickyHeaderFlowLayout: b6530bc5f95d656b6963ddb6dd692c0f61890a98
  DDPageControl: 86d07bda58e325a427fb0d7c8fb650add2ff35c2
  DHCShakeNotifier: d5e1130243096e9488e0ecce8e6e268647357b4b
  HRCoder: 0952826ddf4213a11be775d01446f61a5df987a4
  ISO8601DateFormatter: 59731cd880cf87e71b4fa95f0d6b713dcbc4cbce
  OpenSans: 3baec7cba529831a54938be34fe3866d88397674
  TSMiniWebBrowser@dblock: 4e73ee955fcf2e9f5d98f7a17460454ac059bc37
  UITableView-NXEmptyView: 4322b391d08f8272e4f1860e4a182eba300d05dd

COCOAPODS: 0.33.1
