PODS:
  - AFNetworking (2.5.0):
    - AFNetworking/NSURLConnection (= 2.5.0)
    - AFNetworking/NSURLSession (= 2.5.0)
    - AFNetworking/Reachability (= 2.5.0)
    - AFNetworking/Security (= 2.5.0)
    - AFNetworking/Serialization (= 2.5.0)
    - AFNetworking/UIKit (= 2.5.0)
  - AFNetworking/NSURLConnection (2.5.0):
    - AFNetworking/Reachability
    - AFNetworking/Security
    - AFNetworking/Serialization
  - AFNetworking/NSURLSession (2.5.0):
    - AFNetworking/Reachability
    - AFNetworking/Security
    - AFNetworking/Serialization
  - AFNetworking/Reachability (2.5.0)
  - AFNetworking/Security (2.5.0)
  - AFNetworking/Serialization (2.5.0)
  - AFNetworking/UIKit (2.5.0):
    - AFNetworking/NSURLConnection
    - AFNetworking/NSURLSession
  - AnimatedGIFImageSerialization (0.2.0)
  - Aspects (1.4.1)
  - Bypass (1.0.1)
  - CGLMail (0.1.1)
  - ContentfulDeliveryAPI (1.4.7):
    - AFNetworking
    - HRCoder
    - ISO8601DateFormatter
  - CSStickyHeaderFlowLayout (0.2.3)
  - DDPageControl (0.1)
  - DHCShakeNotifier (0.2.0)
  - HRCoder (1.3.2)
  - ISO8601DateFormatter (0.7)
  - OpenSans (1.0.3)
  - Realm (0.89.2):
    - Realm/Headers (= 0.89.2)
  - Realm/Headers (0.89.2)
  - TSMiniWebBrowser@dblock (1.1)
  - UITableView-NXEmptyView (0.1.7)

DEPENDENCIES:
  - AnimatedGIFImageSerialization
  - Aspects
  - Bypass
  - CGLMail
  - ContentfulDeliveryAPI
  - CSStickyHeaderFlowLayout
  - DDPageControl
  - DHCShakeNotifier
  - OpenSans
  - Realm
  - TSMiniWebBrowser@dblock
  - UITableView-NXEmptyView

SPEC CHECKSUMS:
  AFNetworking: 0f54cb5d16ce38c1b76948faffb8d5fb705021c7
  AnimatedGIFImageSerialization: ee2b8f04ec1143dd196cac160a7b119753891825
  Aspects: a6368eba05295b24ffe0e9acfb9080cc3b0f4b5f
  Bypass: 225bc63ebb09e5674c1fc460b1708e775f68f52f
  CGLMail: ba03e1a69db3c27bad925fe1270cd99fada5ed69
  ContentfulDeliveryAPI: c3815bd863ddc5ae8a9039051bc7ab6962bfc031
  CSStickyHeaderFlowLayout: c5595da1cf91cce22aca70c44ab80b59247c723c
  DDPageControl: 86d07bda58e325a427fb0d7c8fb650add2ff35c2
  DHCShakeNotifier: d5e1130243096e9488e0ecce8e6e268647357b4b
  HRCoder: 492f8e2e0b69b54842564d4bbeb1c0e151d4f95f
  ISO8601DateFormatter: 59731cd880cf87e71b4fa95f0d6b713dcbc4cbce
  OpenSans: fb4374107f269022e5067380e477ff9f1436ee53
  Realm: 4ba08033bea6a32e49eebcfd41e5fd651168135b
  TSMiniWebBrowser@dblock: 4e73ee955fcf2e9f5d98f7a17460454ac059bc37
  UITableView-NXEmptyView: e54d8033730946bf0df6b29d72343987019da095

COCOAPODS: 0.35.0
