// !$*UTF8*$!
{
	archiveVersion = 1;
	classes = {
	};
	objectVersion = 46;
	objects = {

/* Begin PBXBuildFile section */
		28643A89DDE546D5ABD1A0B1 /* libPods-Discovery.a in Frameworks */ = {isa = PBXBuildFile; fileRef = E187785852B64298B4B6751B /* libPods-Discovery.a */; };
		A1279CEF1948555700EC6B05 /* Foundation.framework in Frameworks */ = {isa = PBXBuildFile; fileRef = A1279CEE1948555700EC6B05 /* Foundation.framework */; };
		A1279CF11948555700EC6B05 /* CoreGraphics.framework in Frameworks */ = {isa = PBXBuildFile; fileRef = A1279CF01948555700EC6B05 /* CoreGraphics.framework */; };
		A1279CF31948555700EC6B05 /* UIKit.framework in Frameworks */ = {isa = PBXBuildFile; fileRef = A1279CF21948555700EC6B05 /* UIKit.framework */; };
		A1279CFB1948555700EC6B05 /* main.m in Sources */ = {isa = PBXBuildFile; fileRef = A1279CFA1948555700EC6B05 /* main.m */; };
		A1279D011948555700EC6B05 /* Images.xcassets in Resources */ = {isa = PBXBuildFile; fileRef = A1279D001948555700EC6B05 /* Images.xcassets */; };
		A1279D501948597C00EC6B05 /* CDAAboutUsViewController.m in Sources */ = {isa = PBXBuildFile; fileRef = A1279D1F1948597C00EC6B05 /* CDAAboutUsViewController.m */; };
		A1279D511948597C00EC6B05 /* CDAAppDelegate.m in Sources */ = {isa = PBXBuildFile; fileRef = A1279D211948597C00EC6B05 /* CDAAppDelegate.m */; };
		A1279D521948597C00EC6B05 /* CDAAssetDetailsViewController.m in Sources */ = {isa = PBXBuildFile; fileRef = A1279D231948597C00EC6B05 /* CDAAssetDetailsViewController.m */; };
		A1279D531948597C00EC6B05 /* CDAAssetListViewController.m in Sources */ = {isa = PBXBuildFile; fileRef = A1279D251948597C00EC6B05 /* CDAAssetListViewController.m */; };
		A1279D541948597C00EC6B05 /* CDAAssetPreviewCell.m in Sources */ = {isa = PBXBuildFile; fileRef = A1279D271948597C00EC6B05 /* CDAAssetPreviewCell.m */; };
		A1279D551948597C00EC6B05 /* CDAAssetPreviewController.m in Sources */ = {isa = PBXBuildFile; fileRef = A1279D291948597C00EC6B05 /* CDAAssetPreviewController.m */; };
		A1279D561948597C00EC6B05 /* CDAAssetThumbnailOperation.m in Sources */ = {isa = PBXBuildFile; fileRef = A1279D2B1948597C00EC6B05 /* CDAAssetThumbnailOperation.m */; };
		A1279D571948597C00EC6B05 /* CDABasicCell.m in Sources */ = {isa = PBXBuildFile; fileRef = A1279D2D1948597C00EC6B05 /* CDABasicCell.m */; };
		A1279D581948597C00EC6B05 /* CDAContentTypesViewController.m in Sources */ = {isa = PBXBuildFile; fileRef = A1279D2F1948597C00EC6B05 /* CDAContentTypesViewController.m */; };
		A1279D591948597C00EC6B05 /* CDAEntryPreviewController.m in Sources */ = {isa = PBXBuildFile; fileRef = A1279D311948597C00EC6B05 /* CDAEntryPreviewController.m */; };
		A1279D5A1948597C00EC6B05 /* CDAEntryPreviewDataSource.m in Sources */ = {isa = PBXBuildFile; fileRef = A1279D331948597C00EC6B05 /* CDAEntryPreviewDataSource.m */; };
		A1279D5B1948597C00EC6B05 /* CDAHeaderView.m in Sources */ = {isa = PBXBuildFile; fileRef = A1279D351948597C00EC6B05 /* CDAHeaderView.m */; };
		A1279D5C1948597C00EC6B05 /* CDAHelpViewController.m in Sources */ = {isa = PBXBuildFile; fileRef = A1279D371948597C00EC6B05 /* CDAHelpViewController.m */; };
		A1279D5D1948597C00EC6B05 /* CDAInlineMapCell.m in Sources */ = {isa = PBXBuildFile; fileRef = A1279D391948597C00EC6B05 /* CDAInlineMapCell.m */; };
		A1279D5E1948597C00EC6B05 /* CDAMarkdownCell.mm in Sources */ = {isa = PBXBuildFile; fileRef = A1279D3B1948597C00EC6B05 /* CDAMarkdownCell.mm */; };
		A1279D5F1948597C00EC6B05 /* CDAPrimitiveCell.m in Sources */ = {isa = PBXBuildFile; fileRef = A1279D3D1948597C00EC6B05 /* CDAPrimitiveCell.m */; };
		A1279D601948597C00EC6B05 /* CDASpaceSelectionViewController.m in Sources */ = {isa = PBXBuildFile; fileRef = A1279D3F1948597C00EC6B05 /* CDASpaceSelectionViewController.m */; };
		A1279D611948597C00EC6B05 /* CDASpaceViewController.m in Sources */ = {isa = PBXBuildFile; fileRef = A1279D411948597C00EC6B05 /* CDASpaceViewController.m */; };
		A1279D621948597C00EC6B05 /* CDATextEntryCell.m in Sources */ = {isa = PBXBuildFile; fileRef = A1279D431948597C00EC6B05 /* CDATextEntryCell.m */; };
		A1279D631948597C00EC6B05 /* CDATutorialController.m in Sources */ = {isa = PBXBuildFile; fileRef = A1279D451948597C00EC6B05 /* CDATutorialController.m */; };
		A1279D641948597C00EC6B05 /* CDATutorialView.m in Sources */ = {isa = PBXBuildFile; fileRef = A1279D471948597C00EC6B05 /* CDATutorialView.m */; };
		A1279D651948597C00EC6B05 /* UIApplication+Browser.m in Sources */ = {isa = PBXBuildFile; fileRef = A1279D491948597C00EC6B05 /* UIApplication+Browser.m */; };
		A1279D661948597C00EC6B05 /* UIImage+AverageColor.m in Sources */ = {isa = PBXBuildFile; fileRef = A1279D4B1948597C00EC6B05 /* UIImage+AverageColor.m */; };
		A1279D681948597C00EC6B05 /* UIView+Geometry.m in Sources */ = {isa = PBXBuildFile; fileRef = A1279D4F1948597C00EC6B05 /* UIView+Geometry.m */; };
		A1279D7A1948598E00EC6B05 /* about@2x.png in Resources */ = {isa = PBXBuildFile; fileRef = A1279D691948598E00EC6B05 /* about@2x.png */; };
		A1279D7B1948598E00EC6B05 /* assets@2x.png in Resources */ = {isa = PBXBuildFile; fileRef = A1279D6A1948598E00EC6B05 /* assets@2x.png */; };
		A1279D7C1948598E00EC6B05 /* document@2x.png in Resources */ = {isa = PBXBuildFile; fileRef = A1279D6B1948598E00EC6B05 /* document@2x.png */; };
		A1279D7D1948598E00EC6B05 /* entries@2x.png in Resources */ = {isa = PBXBuildFile; fileRef = A1279D6C1948598E00EC6B05 /* entries@2x.png */; };
		A1279D7E1948598E00EC6B05 /* spreadsheet@2x.png in Resources */ = {isa = PBXBuildFile; fileRef = A1279D6D1948598E00EC6B05 /* spreadsheet@2x.png */; };
		A1279D7F1948598E00EC6B05 /* flag@2x.png in Resources */ = {isa = PBXBuildFile; fileRef = A1279D6E1948598E00EC6B05 /* flag@2x.png */; };
		A1279D801948598E00EC6B05 /* help@2x.png in Resources */ = {isa = PBXBuildFile; fileRef = A1279D6F1948598E00EC6B05 /* help@2x.png */; };
		A1279D811948598E00EC6B05 /* logo@2x.png in Resources */ = {isa = PBXBuildFile; fileRef = A1279D701948598E00EC6B05 /* logo@2x.png */; };
		A1279D821948598E00EC6B05 /* logout@2x.png in Resources */ = {isa = PBXBuildFile; fileRef = A1279D711948598E00EC6B05 /* logout@2x.png */; };
		A1279D831948598E00EC6B05 /* map@2x.png in Resources */ = {isa = PBXBuildFile; fileRef = A1279D721948598E00EC6B05 /* map@2x.png */; };
		A1279D841948598E00EC6B05 /* audio@2x.png in Resources */ = {isa = PBXBuildFile; fileRef = A1279D731948598E00EC6B05 /* audio@2x.png */; };
		A1279D851948598E00EC6B05 /* pdfdocument@2x.png in Resources */ = {isa = PBXBuildFile; fileRef = A1279D741948598E00EC6B05 /* pdfdocument@2x.png */; };
		A1279D861948598E00EC6B05 /* pin@2x.png in Resources */ = {isa = PBXBuildFile; fileRef = A1279D751948598E00EC6B05 /* pin@2x.png */; };
		A1279D871948598E00EC6B05 /* presentation@2x.png in Resources */ = {isa = PBXBuildFile; fileRef = A1279D761948598E00EC6B05 /* presentation@2x.png */; };
		A1279D881948598E00EC6B05 /* video@2x.png in Resources */ = {isa = PBXBuildFile; fileRef = A1279D771948598E00EC6B05 /* video@2x.png */; };
		A1279D891948598E00EC6B05 /* richtext@2x.png in Resources */ = {isa = PBXBuildFile; fileRef = A1279D781948598E00EC6B05 /* richtext@2x.png */; };
		A1279D8A1948598E00EC6B05 /* archive@2x.png in Resources */ = {isa = PBXBuildFile; fileRef = A1279D791948598E00EC6B05 /* archive@2x.png */; };
		A1279D931948863700EC6B05 /* btn_blue@2x.png in Resources */ = {isa = PBXBuildFile; fileRef = A1279D901948863700EC6B05 /* btn_blue@2x.png */; };
		A1279D941948863700EC6B05 /* btn_green@2x.png in Resources */ = {isa = PBXBuildFile; fileRef = A1279D911948863700EC6B05 /* btn_green@2x.png */; };
		A1279D951948863700EC6B05 /* contentful-video.mp4 in Resources */ = {isa = PBXBuildFile; fileRef = A1279D921948863700EC6B05 /* contentful-video.mp4 */; };
		A1279D981948958C00EC6B05 /* BBUSplash.m in Sources */ = {isa = PBXBuildFile; fileRef = A1279D971948958C00EC6B05 /* BBUSplash.m */; };
		A1279D9B194895E000EC6B05 /* UIDevice+BBU.m in Sources */ = {isa = PBXBuildFile; fileRef = A1279D9A194895E000EC6B05 /* UIDevice+BBU.m */; };
		A17D37CF194EE50600B39213 /* attachment@2x.png in Resources */ = {isa = PBXBuildFile; fileRef = A17D37CC194EE50600B39213 /* attachment@2x.png */; };
		A17D37D0194EE50600B39213 /* code@2x.png in Resources */ = {isa = PBXBuildFile; fileRef = A17D37CD194EE50600B39213 /* code@2x.png */; };
		A17D37D1194EE50600B39213 /* markup@2x.png in Resources */ = {isa = PBXBuildFile; fileRef = A17D37CE194EE50600B39213 /* markup@2x.png */; };
		A1D134E1194F19EA0060C842 /* fileGroups.json in Resources */ = {isa = PBXBuildFile; fileRef = A1D134E0194F19EA0060C842 /* fileGroups.json */; };
		A1D134F7194F2D600060C842 /* about.png in Resources */ = {isa = PBXBuildFile; fileRef = A1D134E2194F2D600060C842 /* about.png */; };
		A1D134F8194F2D600060C842 /* assets.png in Resources */ = {isa = PBXBuildFile; fileRef = A1D134E3194F2D600060C842 /* assets.png */; };
		A1D134F9194F2D600060C842 /* attachment.png in Resources */ = {isa = PBXBuildFile; fileRef = A1D134E4194F2D600060C842 /* attachment.png */; };
		A1D134FA194F2D600060C842 /* btn_blue.png in Resources */ = {isa = PBXBuildFile; fileRef = A1D134E5194F2D600060C842 /* btn_blue.png */; };
		A1D134FB194F2D600060C842 /* btn_green.png in Resources */ = {isa = PBXBuildFile; fileRef = A1D134E6194F2D600060C842 /* btn_green.png */; };
		A1D134FC194F2D600060C842 /* code.png in Resources */ = {isa = PBXBuildFile; fileRef = A1D134E7194F2D600060C842 /* code.png */; };
		A1D134FD194F2D600060C842 /* document.png in Resources */ = {isa = PBXBuildFile; fileRef = A1D134E8194F2D600060C842 /* document.png */; };
		A1D134FE194F2D600060C842 /* entries.png in Resources */ = {isa = PBXBuildFile; fileRef = A1D134E9194F2D600060C842 /* entries.png */; };
		A1D134FF194F2D600060C842 /* spreadsheet.png in Resources */ = {isa = PBXBuildFile; fileRef = A1D134EA194F2D600060C842 /* spreadsheet.png */; };
		A1D13500194F2D600060C842 /* flag.png in Resources */ = {isa = PBXBuildFile; fileRef = A1D134EB194F2D600060C842 /* flag.png */; };
		A1D13501194F2D600060C842 /* help.png in Resources */ = {isa = PBXBuildFile; fileRef = A1D134EC194F2D600060C842 /* help.png */; };
		A1D13502194F2D600060C842 /* logo.png in Resources */ = {isa = PBXBuildFile; fileRef = A1D134ED194F2D600060C842 /* logo.png */; };
		A1D13503194F2D600060C842 /* logout.png in Resources */ = {isa = PBXBuildFile; fileRef = A1D134EE194F2D600060C842 /* logout.png */; };
		A1D13504194F2D600060C842 /* map.png in Resources */ = {isa = PBXBuildFile; fileRef = A1D134EF194F2D600060C842 /* map.png */; };
		A1D13505194F2D600060C842 /* audio.png in Resources */ = {isa = PBXBuildFile; fileRef = A1D134F0194F2D600060C842 /* audio.png */; };
		A1D13506194F2D600060C842 /* pdfdocument.png in Resources */ = {isa = PBXBuildFile; fileRef = A1D134F1194F2D600060C842 /* pdfdocument.png */; };
		A1D13507194F2D600060C842 /* pin.png in Resources */ = {isa = PBXBuildFile; fileRef = A1D134F2194F2D600060C842 /* pin.png */; };
		A1D13508194F2D600060C842 /* presentation.png in Resources */ = {isa = PBXBuildFile; fileRef = A1D134F3194F2D600060C842 /* presentation.png */; };
		A1D13509194F2D600060C842 /* video.png in Resources */ = {isa = PBXBuildFile; fileRef = A1D134F4194F2D600060C842 /* video.png */; };
		A1D1350A194F2D600060C842 /* richtext.png in Resources */ = {isa = PBXBuildFile; fileRef = A1D134F5194F2D600060C842 /* richtext.png */; };
		A1D1350B194F2D600060C842 /* archive.png in Resources */ = {isa = PBXBuildFile; fileRef = A1D134F6194F2D600060C842 /* archive.png */; };
		A1D1350D194F2DF70060C842 /* markup.png in Resources */ = {isa = PBXBuildFile; fileRef = A1D1350C194F2DF70060C842 /* markup.png */; };
		A1D3956C194A5B8F0083D8E2 /* UITableView+EmptyView.m in Sources */ = {isa = PBXBuildFile; fileRef = A1D3956B194A5B8F0083D8E2 /* UITableView+EmptyView.m */; };
		A1D6E73B1949024000725E4F /* CDAWebController.m in Sources */ = {isa = PBXBuildFile; fileRef = A1D6E73A1949024000725E4F /* CDAWebController.m */; };
		A1DC2DD2194FBC2B00CD0060 /* UIImage+Scaling.m in Sources */ = {isa = PBXBuildFile; fileRef = A1DC2DD1194FBC2B00CD0060 /* UIImage+Scaling.m */; };
		A1DC5C7319532DA80017B6B1 /* UIColor+Contentful.m in Sources */ = {isa = PBXBuildFile; fileRef = A1DC5C7219532DA80017B6B1 /* UIColor+Contentful.m */; };
		A1DC5C77195332900017B6B1 /* UIFont+Contentful.m in Sources */ = {isa = PBXBuildFile; fileRef = A1DC5C76195332900017B6B1 /* UIFont+Contentful.m */; };
/* End PBXBuildFile section */

/* Begin PBXFileReference section */
		01EE5E5497134C419419C9FF /* Pods-Discovery.xcconfig */ = {isa = PBXFileReference; includeInIndex = 1; lastKnownFileType = text.xcconfig; name = "Pods-Discovery.xcconfig"; path = "../Pods/Pods-Discovery.xcconfig"; sourceTree = "<group>"; };
		A1279CEB1948555700EC6B05 /* Discovery.app */ = {isa = PBXFileReference; explicitFileType = wrapper.application; includeInIndex = 0; path = Discovery.app; sourceTree = BUILT_PRODUCTS_DIR; };
		A1279CEE1948555700EC6B05 /* Foundation.framework */ = {isa = PBXFileReference; lastKnownFileType = wrapper.framework; name = Foundation.framework; path = System/Library/Frameworks/Foundation.framework; sourceTree = SDKROOT; };
		A1279CF01948555700EC6B05 /* CoreGraphics.framework */ = {isa = PBXFileReference; lastKnownFileType = wrapper.framework; name = CoreGraphics.framework; path = System/Library/Frameworks/CoreGraphics.framework; sourceTree = SDKROOT; };
		A1279CF21948555700EC6B05 /* UIKit.framework */ = {isa = PBXFileReference; lastKnownFileType = wrapper.framework; name = UIKit.framework; path = System/Library/Frameworks/UIKit.framework; sourceTree = SDKROOT; };
		A1279CF61948555700EC6B05 /* Discovery-Info.plist */ = {isa = PBXFileReference; lastKnownFileType = text.plist.xml; path = "Discovery-Info.plist"; sourceTree = "<group>"; };
		A1279CFA1948555700EC6B05 /* main.m */ = {isa = PBXFileReference; lastKnownFileType = sourcecode.c.objc; path = main.m; sourceTree = "<group>"; };
		A1279CFC1948555700EC6B05 /* Discovery-Prefix.pch */ = {isa = PBXFileReference; lastKnownFileType = sourcecode.c.h; path = "Discovery-Prefix.pch"; sourceTree = "<group>"; };
		A1279D001948555700EC6B05 /* Images.xcassets */ = {isa = PBXFileReference; lastKnownFileType = folder.assetcatalog; path = Images.xcassets; sourceTree = "<group>"; };
		A1279D1E1948597C00EC6B05 /* CDAAboutUsViewController.h */ = {isa = PBXFileReference; fileEncoding = 4; lastKnownFileType = sourcecode.c.h; name = CDAAboutUsViewController.h; path = Code/CDAAboutUsViewController.h; sourceTree = SOURCE_ROOT; };
		A1279D1F1948597C00EC6B05 /* CDAAboutUsViewController.m */ = {isa = PBXFileReference; fileEncoding = 4; lastKnownFileType = sourcecode.c.objc; name = CDAAboutUsViewController.m; path = Code/CDAAboutUsViewController.m; sourceTree = SOURCE_ROOT; };
		A1279D201948597C00EC6B05 /* CDAAppDelegate.h */ = {isa = PBXFileReference; fileEncoding = 4; lastKnownFileType = sourcecode.c.h; name = CDAAppDelegate.h; path = Code/CDAAppDelegate.h; sourceTree = SOURCE_ROOT; };
		A1279D211948597C00EC6B05 /* CDAAppDelegate.m */ = {isa = PBXFileReference; fileEncoding = 4; lastKnownFileType = sourcecode.c.objc; name = CDAAppDelegate.m; path = Code/CDAAppDelegate.m; sourceTree = SOURCE_ROOT; };
		A1279D221948597C00EC6B05 /* CDAAssetDetailsViewController.h */ = {isa = PBXFileReference; fileEncoding = 4; lastKnownFileType = sourcecode.c.h; name = CDAAssetDetailsViewController.h; path = Code/CDAAssetDetailsViewController.h; sourceTree = SOURCE_ROOT; };
		A1279D231948597C00EC6B05 /* CDAAssetDetailsViewController.m */ = {isa = PBXFileReference; fileEncoding = 4; lastKnownFileType = sourcecode.c.objc; name = CDAAssetDetailsViewController.m; path = Code/CDAAssetDetailsViewController.m; sourceTree = SOURCE_ROOT; };
		A1279D241948597C00EC6B05 /* CDAAssetListViewController.h */ = {isa = PBXFileReference; fileEncoding = 4; lastKnownFileType = sourcecode.c.h; name = CDAAssetListViewController.h; path = Code/CDAAssetListViewController.h; sourceTree = SOURCE_ROOT; };
		A1279D251948597C00EC6B05 /* CDAAssetListViewController.m */ = {isa = PBXFileReference; fileEncoding = 4; lastKnownFileType = sourcecode.c.objc; name = CDAAssetListViewController.m; path = Code/CDAAssetListViewController.m; sourceTree = SOURCE_ROOT; };
		A1279D261948597C00EC6B05 /* CDAAssetPreviewCell.h */ = {isa = PBXFileReference; fileEncoding = 4; lastKnownFileType = sourcecode.c.h; name = CDAAssetPreviewCell.h; path = Code/CDAAssetPreviewCell.h; sourceTree = SOURCE_ROOT; };
		A1279D271948597C00EC6B05 /* CDAAssetPreviewCell.m */ = {isa = PBXFileReference; fileEncoding = 4; lastKnownFileType = sourcecode.c.objc; name = CDAAssetPreviewCell.m; path = Code/CDAAssetPreviewCell.m; sourceTree = SOURCE_ROOT; };
		A1279D281948597C00EC6B05 /* CDAAssetPreviewController.h */ = {isa = PBXFileReference; fileEncoding = 4; lastKnownFileType = sourcecode.c.h; name = CDAAssetPreviewController.h; path = Code/CDAAssetPreviewController.h; sourceTree = SOURCE_ROOT; };
		A1279D291948597C00EC6B05 /* CDAAssetPreviewController.m */ = {isa = PBXFileReference; fileEncoding = 4; lastKnownFileType = sourcecode.c.objc; name = CDAAssetPreviewController.m; path = Code/CDAAssetPreviewController.m; sourceTree = SOURCE_ROOT; };
		A1279D2A1948597C00EC6B05 /* CDAAssetThumbnailOperation.h */ = {isa = PBXFileReference; fileEncoding = 4; lastKnownFileType = sourcecode.c.h; name = CDAAssetThumbnailOperation.h; path = Code/CDAAssetThumbnailOperation.h; sourceTree = SOURCE_ROOT; };
		A1279D2B1948597C00EC6B05 /* CDAAssetThumbnailOperation.m */ = {isa = PBXFileReference; fileEncoding = 4; lastKnownFileType = sourcecode.c.objc; name = CDAAssetThumbnailOperation.m; path = Code/CDAAssetThumbnailOperation.m; sourceTree = SOURCE_ROOT; };
		A1279D2C1948597C00EC6B05 /* CDABasicCell.h */ = {isa = PBXFileReference; fileEncoding = 4; lastKnownFileType = sourcecode.c.h; name = CDABasicCell.h; path = Code/CDABasicCell.h; sourceTree = SOURCE_ROOT; };
		A1279D2D1948597C00EC6B05 /* CDABasicCell.m */ = {isa = PBXFileReference; fileEncoding = 4; lastKnownFileType = sourcecode.c.objc; name = CDABasicCell.m; path = Code/CDABasicCell.m; sourceTree = SOURCE_ROOT; };
		A1279D2E1948597C00EC6B05 /* CDAContentTypesViewController.h */ = {isa = PBXFileReference; fileEncoding = 4; lastKnownFileType = sourcecode.c.h; name = CDAContentTypesViewController.h; path = Code/CDAContentTypesViewController.h; sourceTree = SOURCE_ROOT; };
		A1279D2F1948597C00EC6B05 /* CDAContentTypesViewController.m */ = {isa = PBXFileReference; fileEncoding = 4; lastKnownFileType = sourcecode.c.objc; name = CDAContentTypesViewController.m; path = Code/CDAContentTypesViewController.m; sourceTree = SOURCE_ROOT; };
		A1279D301948597C00EC6B05 /* CDAEntryPreviewController.h */ = {isa = PBXFileReference; fileEncoding = 4; lastKnownFileType = sourcecode.c.h; name = CDAEntryPreviewController.h; path = Code/CDAEntryPreviewController.h; sourceTree = SOURCE_ROOT; };
		A1279D311948597C00EC6B05 /* CDAEntryPreviewController.m */ = {isa = PBXFileReference; fileEncoding = 4; lastKnownFileType = sourcecode.c.objc; name = CDAEntryPreviewController.m; path = Code/CDAEntryPreviewController.m; sourceTree = SOURCE_ROOT; };
		A1279D321948597C00EC6B05 /* CDAEntryPreviewDataSource.h */ = {isa = PBXFileReference; fileEncoding = 4; lastKnownFileType = sourcecode.c.h; name = CDAEntryPreviewDataSource.h; path = Code/CDAEntryPreviewDataSource.h; sourceTree = SOURCE_ROOT; };
		A1279D331948597C00EC6B05 /* CDAEntryPreviewDataSource.m */ = {isa = PBXFileReference; fileEncoding = 4; lastKnownFileType = sourcecode.c.objc; name = CDAEntryPreviewDataSource.m; path = Code/CDAEntryPreviewDataSource.m; sourceTree = SOURCE_ROOT; };
		A1279D341948597C00EC6B05 /* CDAHeaderView.h */ = {isa = PBXFileReference; fileEncoding = 4; lastKnownFileType = sourcecode.c.h; name = CDAHeaderView.h; path = Code/CDAHeaderView.h; sourceTree = SOURCE_ROOT; };
		A1279D351948597C00EC6B05 /* CDAHeaderView.m */ = {isa = PBXFileReference; fileEncoding = 4; lastKnownFileType = sourcecode.c.objc; name = CDAHeaderView.m; path = Code/CDAHeaderView.m; sourceTree = SOURCE_ROOT; };
		A1279D361948597C00EC6B05 /* CDAHelpViewController.h */ = {isa = PBXFileReference; fileEncoding = 4; lastKnownFileType = sourcecode.c.h; name = CDAHelpViewController.h; path = Code/CDAHelpViewController.h; sourceTree = SOURCE_ROOT; };
		A1279D371948597C00EC6B05 /* CDAHelpViewController.m */ = {isa = PBXFileReference; fileEncoding = 4; lastKnownFileType = sourcecode.c.objc; name = CDAHelpViewController.m; path = Code/CDAHelpViewController.m; sourceTree = SOURCE_ROOT; };
		A1279D381948597C00EC6B05 /* CDAInlineMapCell.h */ = {isa = PBXFileReference; fileEncoding = 4; lastKnownFileType = sourcecode.c.h; name = CDAInlineMapCell.h; path = Code/CDAInlineMapCell.h; sourceTree = SOURCE_ROOT; };
		A1279D391948597C00EC6B05 /* CDAInlineMapCell.m */ = {isa = PBXFileReference; fileEncoding = 4; lastKnownFileType = sourcecode.c.objc; name = CDAInlineMapCell.m; path = Code/CDAInlineMapCell.m; sourceTree = SOURCE_ROOT; };
		A1279D3A1948597C00EC6B05 /* CDAMarkdownCell.h */ = {isa = PBXFileReference; fileEncoding = 4; lastKnownFileType = sourcecode.c.h; name = CDAMarkdownCell.h; path = Code/CDAMarkdownCell.h; sourceTree = SOURCE_ROOT; };
		A1279D3B1948597C00EC6B05 /* CDAMarkdownCell.mm */ = {isa = PBXFileReference; fileEncoding = 4; lastKnownFileType = sourcecode.cpp.objcpp; name = CDAMarkdownCell.mm; path = Code/CDAMarkdownCell.mm; sourceTree = SOURCE_ROOT; };
		A1279D3C1948597C00EC6B05 /* CDAPrimitiveCell.h */ = {isa = PBXFileReference; fileEncoding = 4; lastKnownFileType = sourcecode.c.h; name = CDAPrimitiveCell.h; path = Code/CDAPrimitiveCell.h; sourceTree = SOURCE_ROOT; };
		A1279D3D1948597C00EC6B05 /* CDAPrimitiveCell.m */ = {isa = PBXFileReference; fileEncoding = 4; lastKnownFileType = sourcecode.c.objc; name = CDAPrimitiveCell.m; path = Code/CDAPrimitiveCell.m; sourceTree = SOURCE_ROOT; };
		A1279D3E1948597C00EC6B05 /* CDASpaceSelectionViewController.h */ = {isa = PBXFileReference; fileEncoding = 4; lastKnownFileType = sourcecode.c.h; name = CDASpaceSelectionViewController.h; path = Code/CDASpaceSelectionViewController.h; sourceTree = SOURCE_ROOT; };
		A1279D3F1948597C00EC6B05 /* CDASpaceSelectionViewController.m */ = {isa = PBXFileReference; fileEncoding = 4; lastKnownFileType = sourcecode.c.objc; name = CDASpaceSelectionViewController.m; path = Code/CDASpaceSelectionViewController.m; sourceTree = SOURCE_ROOT; };
		A1279D401948597C00EC6B05 /* CDASpaceViewController.h */ = {isa = PBXFileReference; fileEncoding = 4; lastKnownFileType = sourcecode.c.h; name = CDASpaceViewController.h; path = Code/CDASpaceViewController.h; sourceTree = SOURCE_ROOT; };
		A1279D411948597C00EC6B05 /* CDASpaceViewController.m */ = {isa = PBXFileReference; fileEncoding = 4; lastKnownFileType = sourcecode.c.objc; name = CDASpaceViewController.m; path = Code/CDASpaceViewController.m; sourceTree = SOURCE_ROOT; };
		A1279D421948597C00EC6B05 /* CDATextEntryCell.h */ = {isa = PBXFileReference; fileEncoding = 4; lastKnownFileType = sourcecode.c.h; name = CDATextEntryCell.h; path = Code/CDATextEntryCell.h; sourceTree = SOURCE_ROOT; };
		A1279D431948597C00EC6B05 /* CDATextEntryCell.m */ = {isa = PBXFileReference; fileEncoding = 4; lastKnownFileType = sourcecode.c.objc; name = CDATextEntryCell.m; path = Code/CDATextEntryCell.m; sourceTree = SOURCE_ROOT; };
		A1279D441948597C00EC6B05 /* CDATutorialController.h */ = {isa = PBXFileReference; fileEncoding = 4; lastKnownFileType = sourcecode.c.h; name = CDATutorialController.h; path = Code/CDATutorialController.h; sourceTree = SOURCE_ROOT; };
		A1279D451948597C00EC6B05 /* CDATutorialController.m */ = {isa = PBXFileReference; fileEncoding = 4; lastKnownFileType = sourcecode.c.objc; name = CDATutorialController.m; path = Code/CDATutorialController.m; sourceTree = SOURCE_ROOT; };
		A1279D461948597C00EC6B05 /* CDATutorialView.h */ = {isa = PBXFileReference; fileEncoding = 4; lastKnownFileType = sourcecode.c.h; name = CDATutorialView.h; path = Code/CDATutorialView.h; sourceTree = SOURCE_ROOT; };
		A1279D471948597C00EC6B05 /* CDATutorialView.m */ = {isa = PBXFileReference; fileEncoding = 4; lastKnownFileType = sourcecode.c.objc; name = CDATutorialView.m; path = Code/CDATutorialView.m; sourceTree = SOURCE_ROOT; };
		A1279D481948597C00EC6B05 /* UIApplication+Browser.h */ = {isa = PBXFileReference; fileEncoding = 4; lastKnownFileType = sourcecode.c.h; name = "UIApplication+Browser.h"; path = "Code/UIApplication+Browser.h"; sourceTree = SOURCE_ROOT; };
		A1279D491948597C00EC6B05 /* UIApplication+Browser.m */ = {isa = PBXFileReference; fileEncoding = 4; lastKnownFileType = sourcecode.c.objc; name = "UIApplication+Browser.m"; path = "Code/UIApplication+Browser.m"; sourceTree = SOURCE_ROOT; };
		A1279D4A1948597C00EC6B05 /* UIImage+AverageColor.h */ = {isa = PBXFileReference; fileEncoding = 4; lastKnownFileType = sourcecode.c.h; name = "UIImage+AverageColor.h"; path = "Code/UIImage+AverageColor.h"; sourceTree = SOURCE_ROOT; };
		A1279D4B1948597C00EC6B05 /* UIImage+AverageColor.m */ = {isa = PBXFileReference; fileEncoding = 4; lastKnownFileType = sourcecode.c.objc; name = "UIImage+AverageColor.m"; path = "Code/UIImage+AverageColor.m"; sourceTree = SOURCE_ROOT; };
		A1279D4E1948597C00EC6B05 /* UIView+Geometry.h */ = {isa = PBXFileReference; fileEncoding = 4; lastKnownFileType = sourcecode.c.h; name = "UIView+Geometry.h"; path = "Code/UIView+Geometry.h"; sourceTree = SOURCE_ROOT; };
		A1279D4F1948597C00EC6B05 /* UIView+Geometry.m */ = {isa = PBXFileReference; fileEncoding = 4; lastKnownFileType = sourcecode.c.objc; name = "UIView+Geometry.m"; path = "Code/UIView+Geometry.m"; sourceTree = SOURCE_ROOT; };
		A1279D691948598E00EC6B05 /* about@2x.png */ = {isa = PBXFileReference; lastKnownFileType = image.png; path = "about@2x.png"; sourceTree = "<group>"; };
		A1279D6A1948598E00EC6B05 /* assets@2x.png */ = {isa = PBXFileReference; lastKnownFileType = image.png; path = "assets@2x.png"; sourceTree = "<group>"; };
		A1279D6B1948598E00EC6B05 /* document@2x.png */ = {isa = PBXFileReference; lastKnownFileType = image.png; path = "document@2x.png"; sourceTree = "<group>"; };
		A1279D6C1948598E00EC6B05 /* entries@2x.png */ = {isa = PBXFileReference; lastKnownFileType = image.png; path = "entries@2x.png"; sourceTree = "<group>"; };
		A1279D6D1948598E00EC6B05 /* spreadsheet@2x.png */ = {isa = PBXFileReference; lastKnownFileType = image.png; path = "spreadsheet@2x.png"; sourceTree = "<group>"; };
		A1279D6E1948598E00EC6B05 /* flag@2x.png */ = {isa = PBXFileReference; lastKnownFileType = image.png; path = "flag@2x.png"; sourceTree = "<group>"; };
		A1279D6F1948598E00EC6B05 /* help@2x.png */ = {isa = PBXFileReference; lastKnownFileType = image.png; path = "help@2x.png"; sourceTree = "<group>"; };
		A1279D701948598E00EC6B05 /* logo@2x.png */ = {isa = PBXFileReference; lastKnownFileType = image.png; path = "logo@2x.png"; sourceTree = "<group>"; };
		A1279D711948598E00EC6B05 /* logout@2x.png */ = {isa = PBXFileReference; lastKnownFileType = image.png; path = "logout@2x.png"; sourceTree = "<group>"; };
		A1279D721948598E00EC6B05 /* map@2x.png */ = {isa = PBXFileReference; lastKnownFileType = image.png; path = "map@2x.png"; sourceTree = "<group>"; };
		A1279D731948598E00EC6B05 /* audio@2x.png */ = {isa = PBXFileReference; lastKnownFileType = image.png; path = "audio@2x.png"; sourceTree = "<group>"; };
		A1279D741948598E00EC6B05 /* pdfdocument@2x.png */ = {isa = PBXFileReference; lastKnownFileType = image.png; path = "pdfdocument@2x.png"; sourceTree = "<group>"; };
		A1279D751948598E00EC6B05 /* pin@2x.png */ = {isa = PBXFileReference; lastKnownFileType = image.png; path = "pin@2x.png"; sourceTree = "<group>"; };
		A1279D761948598E00EC6B05 /* presentation@2x.png */ = {isa = PBXFileReference; lastKnownFileType = image.png; path = "presentation@2x.png"; sourceTree = "<group>"; };
		A1279D771948598E00EC6B05 /* video@2x.png */ = {isa = PBXFileReference; lastKnownFileType = image.png; path = "video@2x.png"; sourceTree = "<group>"; };
		A1279D781948598E00EC6B05 /* richtext@2x.png */ = {isa = PBXFileReference; lastKnownFileType = image.png; path = "richtext@2x.png"; sourceTree = "<group>"; };
		A1279D791948598E00EC6B05 /* archive@2x.png */ = {isa = PBXFileReference; lastKnownFileType = image.png; path = "archive@2x.png"; sourceTree = "<group>"; };
		A1279D901948863700EC6B05 /* btn_blue@2x.png */ = {isa = PBXFileReference; lastKnownFileType = image.png; path = "btn_blue@2x.png"; sourceTree = "<group>"; };
		A1279D911948863700EC6B05 /* btn_green@2x.png */ = {isa = PBXFileReference; lastKnownFileType = image.png; path = "btn_green@2x.png"; sourceTree = "<group>"; };
		A1279D921948863700EC6B05 /* contentful-video.mp4 */ = {isa = PBXFileReference; lastKnownFileType = file; path = "contentful-video.mp4"; sourceTree = "<group>"; };
		A1279D961948958C00EC6B05 /* BBUSplash.h */ = {isa = PBXFileReference; fileEncoding = 4; lastKnownFileType = sourcecode.c.h; name = BBUSplash.h; path = Code/BBUSplash.h; sourceTree = SOURCE_ROOT; };
		A1279D971948958C00EC6B05 /* BBUSplash.m */ = {isa = PBXFileReference; fileEncoding = 4; lastKnownFileType = sourcecode.c.objc; name = BBUSplash.m; path = Code/BBUSplash.m; sourceTree = SOURCE_ROOT; };
		A1279D99194895E000EC6B05 /* UIDevice+BBU.h */ = {isa = PBXFileReference; fileEncoding = 4; lastKnownFileType = sourcecode.c.h; name = "UIDevice+BBU.h"; path = "Code/UIDevice+BBU.h"; sourceTree = SOURCE_ROOT; };
		A1279D9A194895E000EC6B05 /* UIDevice+BBU.m */ = {isa = PBXFileReference; fileEncoding = 4; lastKnownFileType = sourcecode.c.objc; name = "UIDevice+BBU.m"; path = "Code/UIDevice+BBU.m"; sourceTree = SOURCE_ROOT; };
		A17D37CC194EE50600B39213 /* attachment@2x.png */ = {isa = PBXFileReference; lastKnownFileType = image.png; path = "attachment@2x.png"; sourceTree = "<group>"; };
		A17D37CD194EE50600B39213 /* code@2x.png */ = {isa = PBXFileReference; lastKnownFileType = image.png; path = "code@2x.png"; sourceTree = "<group>"; };
		A17D37CE194EE50600B39213 /* markup@2x.png */ = {isa = PBXFileReference; lastKnownFileType = image.png; path = "markup@2x.png"; sourceTree = "<group>"; };
		A1D134E0194F19EA0060C842 /* fileGroups.json */ = {isa = PBXFileReference; fileEncoding = 4; lastKnownFileType = text.json; name = fileGroups.json; path = "contrib/mimetype/contentful-mimetype/lib/fileGroups.json"; sourceTree = SOURCE_ROOT; };
		A1D134E2194F2D600060C842 /* about.png */ = {isa = PBXFileReference; lastKnownFileType = image.png; path = about.png; sourceTree = "<group>"; };
		A1D134E3194F2D600060C842 /* assets.png */ = {isa = PBXFileReference; lastKnownFileType = image.png; path = assets.png; sourceTree = "<group>"; };
		A1D134E4194F2D600060C842 /* attachment.png */ = {isa = PBXFileReference; lastKnownFileType = image.png; path = attachment.png; sourceTree = "<group>"; };
		A1D134E5194F2D600060C842 /* btn_blue.png */ = {isa = PBXFileReference; lastKnownFileType = image.png; path = btn_blue.png; sourceTree = "<group>"; };
		A1D134E6194F2D600060C842 /* btn_green.png */ = {isa = PBXFileReference; lastKnownFileType = image.png; path = btn_green.png; sourceTree = "<group>"; };
		A1D134E7194F2D600060C842 /* code.png */ = {isa = PBXFileReference; lastKnownFileType = image.png; path = code.png; sourceTree = "<group>"; };
		A1D134E8194F2D600060C842 /* document.png */ = {isa = PBXFileReference; lastKnownFileType = image.png; path = document.png; sourceTree = "<group>"; };
		A1D134E9194F2D600060C842 /* entries.png */ = {isa = PBXFileReference; lastKnownFileType = image.png; path = entries.png; sourceTree = "<group>"; };
		A1D134EA194F2D600060C842 /* spreadsheet.png */ = {isa = PBXFileReference; lastKnownFileType = image.png; path = spreadsheet.png; sourceTree = "<group>"; };
		A1D134EB194F2D600060C842 /* flag.png */ = {isa = PBXFileReference; lastKnownFileType = image.png; path = flag.png; sourceTree = "<group>"; };
		A1D134EC194F2D600060C842 /* help.png */ = {isa = PBXFileReference; lastKnownFileType = image.png; path = help.png; sourceTree = "<group>"; };
		A1D134ED194F2D600060C842 /* logo.png */ = {isa = PBXFileReference; lastKnownFileType = image.png; path = logo.png; sourceTree = "<group>"; };
		A1D134EE194F2D600060C842 /* logout.png */ = {isa = PBXFileReference; lastKnownFileType = image.png; path = logout.png; sourceTree = "<group>"; };
		A1D134EF194F2D600060C842 /* map.png */ = {isa = PBXFileReference; lastKnownFileType = image.png; path = map.png; sourceTree = "<group>"; };
		A1D134F0194F2D600060C842 /* audio.png */ = {isa = PBXFileReference; lastKnownFileType = image.png; path = audio.png; sourceTree = "<group>"; };
		A1D134F1194F2D600060C842 /* pdfdocument.png */ = {isa = PBXFileReference; lastKnownFileType = image.png; path = pdfdocument.png; sourceTree = "<group>"; };
		A1D134F2194F2D600060C842 /* pin.png */ = {isa = PBXFileReference; lastKnownFileType = image.png; path = pin.png; sourceTree = "<group>"; };
		A1D134F3194F2D600060C842 /* presentation.png */ = {isa = PBXFileReference; lastKnownFileType = image.png; path = presentation.png; sourceTree = "<group>"; };
		A1D134F4194F2D600060C842 /* video.png */ = {isa = PBXFileReference; lastKnownFileType = image.png; path = video.png; sourceTree = "<group>"; };
		A1D134F5194F2D600060C842 /* richtext.png */ = {isa = PBXFileReference; lastKnownFileType = image.png; path = richtext.png; sourceTree = "<group>"; };
		A1D134F6194F2D600060C842 /* archive.png */ = {isa = PBXFileReference; lastKnownFileType = image.png; path = archive.png; sourceTree = "<group>"; };
		A1D1350C194F2DF70060C842 /* markup.png */ = {isa = PBXFileReference; lastKnownFileType = image.png; path = markup.png; sourceTree = "<group>"; };
		A1D3956A194A5B8F0083D8E2 /* UITableView+EmptyView.h */ = {isa = PBXFileReference; fileEncoding = 4; lastKnownFileType = sourcecode.c.h; path = "UITableView+EmptyView.h"; sourceTree = "<group>"; };
		A1D3956B194A5B8F0083D8E2 /* UITableView+EmptyView.m */ = {isa = PBXFileReference; fileEncoding = 4; lastKnownFileType = sourcecode.c.objc; path = "UITableView+EmptyView.m"; sourceTree = "<group>"; };
		A1D6E7391949024000725E4F /* CDAWebController.h */ = {isa = PBXFileReference; fileEncoding = 4; lastKnownFileType = sourcecode.c.h; name = CDAWebController.h; path = Code/CDAWebController.h; sourceTree = SOURCE_ROOT; };
		A1D6E73A1949024000725E4F /* CDAWebController.m */ = {isa = PBXFileReference; fileEncoding = 4; lastKnownFileType = sourcecode.c.objc; name = CDAWebController.m; path = Code/CDAWebController.m; sourceTree = SOURCE_ROOT; };
		A1DC2DD0194FBC2B00CD0060 /* UIImage+Scaling.h */ = {isa = PBXFileReference; fileEncoding = 4; lastKnownFileType = sourcecode.c.h; path = "UIImage+Scaling.h"; sourceTree = "<group>"; };
		A1DC2DD1194FBC2B00CD0060 /* UIImage+Scaling.m */ = {isa = PBXFileReference; fileEncoding = 4; lastKnownFileType = sourcecode.c.objc; path = "UIImage+Scaling.m"; sourceTree = "<group>"; };
		A1DC5C7119532DA80017B6B1 /* UIColor+Contentful.h */ = {isa = PBXFileReference; fileEncoding = 4; lastKnownFileType = sourcecode.c.h; path = "UIColor+Contentful.h"; sourceTree = "<group>"; };
		A1DC5C7219532DA80017B6B1 /* UIColor+Contentful.m */ = {isa = PBXFileReference; fileEncoding = 4; lastKnownFileType = sourcecode.c.objc; path = "UIColor+Contentful.m"; sourceTree = "<group>"; };
		A1DC5C75195332900017B6B1 /* UIFont+Contentful.h */ = {isa = PBXFileReference; fileEncoding = 4; lastKnownFileType = sourcecode.c.h; path = "UIFont+Contentful.h"; sourceTree = "<group>"; };
		A1DC5C76195332900017B6B1 /* UIFont+Contentful.m */ = {isa = PBXFileReference; fileEncoding = 4; lastKnownFileType = sourcecode.c.objc; path = "UIFont+Contentful.m"; sourceTree = "<group>"; };
		E187785852B64298B4B6751B /* libPods-Discovery.a */ = {isa = PBXFileReference; explicitFileType = archive.ar; includeInIndex = 0; path = "libPods-Discovery.a"; sourceTree = BUILT_PRODUCTS_DIR; };
/* End PBXFileReference section */

/* Begin PBXFrameworksBuildPhase section */
		A1279CE81948555700EC6B05 /* Frameworks */ = {
			isa = PBXFrameworksBuildPhase;
			buildActionMask = 2147483647;
			files = (
				A1279CF11948555700EC6B05 /* CoreGraphics.framework in Frameworks */,
				A1279CF31948555700EC6B05 /* UIKit.framework in Frameworks */,
				A1279CEF1948555700EC6B05 /* Foundation.framework in Frameworks */,
				28643A89DDE546D5ABD1A0B1 /* libPods-Discovery.a in Frameworks */,
			);
			runOnlyForDeploymentPostprocessing = 0;
		};
/* End PBXFrameworksBuildPhase section */

/* Begin PBXGroup section */
		A1279CE21948555600EC6B05 = {
			isa = PBXGroup;
			children = (
				A1279CF41948555700EC6B05 /* Code */,
				A1279CED1948555700EC6B05 /* Frameworks */,
				A1279CEC1948555700EC6B05 /* Products */,
				A1279D1D1948559F00EC6B05 /* Resources */,
				A1279CF51948555700EC6B05 /* Supporting Files */,
			);
			sourceTree = "<group>";
		};
		A1279CEC1948555700EC6B05 /* Products */ = {
			isa = PBXGroup;
			children = (
				A1279CEB1948555700EC6B05 /* Discovery.app */,
			);
			name = Products;
			sourceTree = "<group>";
		};
		A1279CED1948555700EC6B05 /* Frameworks */ = {
			isa = PBXGroup;
			children = (
				A1279CF01948555700EC6B05 /* CoreGraphics.framework */,
				A1279CEE1948555700EC6B05 /* Foundation.framework */,
				A1279CF21948555700EC6B05 /* UIKit.framework */,
				E187785852B64298B4B6751B /* libPods-Discovery.a */,
			);
			name = Frameworks;
			sourceTree = "<group>";
		};
		A1279CF41948555700EC6B05 /* Code */ = {
			isa = PBXGroup;
			children = (
				A1279D8B194859AA00EC6B05 /* Assets */,
				A1279D8E19485A1B00EC6B05 /* Categories */,
				A1279D8F19485B0500EC6B05 /* Content Types */,
				A1279D8C194859B700EC6B05 /* Entries */,
				A1279D8D194859CB00EC6B05 /* Spaces */,
				A1279D961948958C00EC6B05 /* BBUSplash.h */,
				A1279D971948958C00EC6B05 /* BBUSplash.m */,
				A1279D1E1948597C00EC6B05 /* CDAAboutUsViewController.h */,
				A1279D1F1948597C00EC6B05 /* CDAAboutUsViewController.m */,
				A1279D201948597C00EC6B05 /* CDAAppDelegate.h */,
				A1279D211948597C00EC6B05 /* CDAAppDelegate.m */,
				A1279D361948597C00EC6B05 /* CDAHelpViewController.h */,
				A1279D371948597C00EC6B05 /* CDAHelpViewController.m */,
				A1279D441948597C00EC6B05 /* CDATutorialController.h */,
				A1279D451948597C00EC6B05 /* CDATutorialController.m */,
				A1279D461948597C00EC6B05 /* CDATutorialView.h */,
				A1279D471948597C00EC6B05 /* CDATutorialView.m */,
				A1D6E7391949024000725E4F /* CDAWebController.h */,
				A1D6E73A1949024000725E4F /* CDAWebController.m */,
			);
			path = Code;
			sourceTree = "<group>";
		};
		A1279CF51948555700EC6B05 /* Supporting Files */ = {
			isa = PBXGroup;
			children = (
				A1279CF61948555700EC6B05 /* Discovery-Info.plist */,
				A1279CFC1948555700EC6B05 /* Discovery-Prefix.pch */,
				A1279CFA1948555700EC6B05 /* main.m */,
				01EE5E5497134C419419C9FF /* Pods-Discovery.xcconfig */,
			);
			name = "Supporting Files";
			path = Supporting_Files;
			sourceTree = "<group>";
		};
		A1279D1D1948559F00EC6B05 /* Resources */ = {
			isa = PBXGroup;
			children = (
				A1D13510194F2E610060C842 /* Buttons */,
				A1D1350E194F2E010060C842 /* Document icons */,
				A1D1350F194F2E310060C842 /* Tab bar icons */,
				A1279D921948863700EC6B05 /* contentful-video.mp4 */,
				A1D134E0194F19EA0060C842 /* fileGroups.json */,
				A1279D001948555700EC6B05 /* Images.xcassets */,
				A1D134ED194F2D600060C842 /* logo.png */,
				A1279D701948598E00EC6B05 /* logo@2x.png */,
				A1D134EF194F2D600060C842 /* map.png */,
				A1279D721948598E00EC6B05 /* map@2x.png */,
				A1D134F2194F2D600060C842 /* pin.png */,
				A1279D751948598E00EC6B05 /* pin@2x.png */,
			);
			path = Resources;
			sourceTree = "<group>";
		};
		A1279D8B194859AA00EC6B05 /* Assets */ = {
			isa = PBXGroup;
			children = (
				A1279D221948597C00EC6B05 /* CDAAssetDetailsViewController.h */,
				A1279D231948597C00EC6B05 /* CDAAssetDetailsViewController.m */,
				A1279D241948597C00EC6B05 /* CDAAssetListViewController.h */,
				A1279D251948597C00EC6B05 /* CDAAssetListViewController.m */,
				A1279D261948597C00EC6B05 /* CDAAssetPreviewCell.h */,
				A1279D271948597C00EC6B05 /* CDAAssetPreviewCell.m */,
				A1279D281948597C00EC6B05 /* CDAAssetPreviewController.h */,
				A1279D291948597C00EC6B05 /* CDAAssetPreviewController.m */,
				A1279D2A1948597C00EC6B05 /* CDAAssetThumbnailOperation.h */,
				A1279D2B1948597C00EC6B05 /* CDAAssetThumbnailOperation.m */,
				A1279D2C1948597C00EC6B05 /* CDABasicCell.h */,
				A1279D2D1948597C00EC6B05 /* CDABasicCell.m */,
				A1279D341948597C00EC6B05 /* CDAHeaderView.h */,
				A1279D351948597C00EC6B05 /* CDAHeaderView.m */,
			);
			name = Assets;
			sourceTree = "<group>";
		};
		A1279D8C194859B700EC6B05 /* Entries */ = {
			isa = PBXGroup;
			children = (
				A1279D301948597C00EC6B05 /* CDAEntryPreviewController.h */,
				A1279D311948597C00EC6B05 /* CDAEntryPreviewController.m */,
				A1279D321948597C00EC6B05 /* CDAEntryPreviewDataSource.h */,
				A1279D331948597C00EC6B05 /* CDAEntryPreviewDataSource.m */,
				A1279D381948597C00EC6B05 /* CDAInlineMapCell.h */,
				A1279D391948597C00EC6B05 /* CDAInlineMapCell.m */,
				A1279D3A1948597C00EC6B05 /* CDAMarkdownCell.h */,
				A1279D3B1948597C00EC6B05 /* CDAMarkdownCell.mm */,
				A1279D3C1948597C00EC6B05 /* CDAPrimitiveCell.h */,
				A1279D3D1948597C00EC6B05 /* CDAPrimitiveCell.m */,
			);
			name = Entries;
			sourceTree = "<group>";
		};
		A1279D8D194859CB00EC6B05 /* Spaces */ = {
			isa = PBXGroup;
			children = (
				A1279D3E1948597C00EC6B05 /* CDASpaceSelectionViewController.h */,
				A1279D3F1948597C00EC6B05 /* CDASpaceSelectionViewController.m */,
				A1279D401948597C00EC6B05 /* CDASpaceViewController.h */,
				A1279D411948597C00EC6B05 /* CDASpaceViewController.m */,
				A1279D421948597C00EC6B05 /* CDATextEntryCell.h */,
				A1279D431948597C00EC6B05 /* CDATextEntryCell.m */,
			);
			name = Spaces;
			sourceTree = "<group>";
		};
		A1279D8E19485A1B00EC6B05 /* Categories */ = {
			isa = PBXGroup;
			children = (
				A1279D481948597C00EC6B05 /* UIApplication+Browser.h */,
				A1279D491948597C00EC6B05 /* UIApplication+Browser.m */,
				A1DC5C7119532DA80017B6B1 /* UIColor+Contentful.h */,
				A1DC5C7219532DA80017B6B1 /* UIColor+Contentful.m */,
				A1279D99194895E000EC6B05 /* UIDevice+BBU.h */,
				A1279D9A194895E000EC6B05 /* UIDevice+BBU.m */,
				A1DC5C75195332900017B6B1 /* UIFont+Contentful.h */,
				A1DC5C76195332900017B6B1 /* UIFont+Contentful.m */,
				A1279D4A1948597C00EC6B05 /* UIImage+AverageColor.h */,
				A1279D4B1948597C00EC6B05 /* UIImage+AverageColor.m */,
				A1DC2DD0194FBC2B00CD0060 /* UIImage+Scaling.h */,
				A1DC2DD1194FBC2B00CD0060 /* UIImage+Scaling.m */,
				A1D3956A194A5B8F0083D8E2 /* UITableView+EmptyView.h */,
				A1D3956B194A5B8F0083D8E2 /* UITableView+EmptyView.m */,
				A1279D4E1948597C00EC6B05 /* UIView+Geometry.h */,
				A1279D4F1948597C00EC6B05 /* UIView+Geometry.m */,
			);
			name = Categories;
			sourceTree = "<group>";
		};
		A1279D8F19485B0500EC6B05 /* Content Types */ = {
			isa = PBXGroup;
			children = (
				A1279D2E1948597C00EC6B05 /* CDAContentTypesViewController.h */,
				A1279D2F1948597C00EC6B05 /* CDAContentTypesViewController.m */,
			);
			name = "Content Types";
			sourceTree = "<group>";
		};
		A1D1350E194F2E010060C842 /* Document icons */ = {
			isa = PBXGroup;
			children = (
				A1D134F6194F2D600060C842 /* archive.png */,
				A1279D791948598E00EC6B05 /* archive@2x.png */,
				A1D134E4194F2D600060C842 /* attachment.png */,
				A17D37CC194EE50600B39213 /* attachment@2x.png */,
				A1D134F0194F2D600060C842 /* audio.png */,
				A1279D731948598E00EC6B05 /* audio@2x.png */,
				A1D134E7194F2D600060C842 /* code.png */,
				A17D37CD194EE50600B39213 /* code@2x.png */,
				A1D134E8194F2D600060C842 /* document.png */,
				A1279D6B1948598E00EC6B05 /* document@2x.png */,
				A1D1350C194F2DF70060C842 /* markup.png */,
				A17D37CE194EE50600B39213 /* markup@2x.png */,
				A1D134F1194F2D600060C842 /* pdfdocument.png */,
				A1279D741948598E00EC6B05 /* pdfdocument@2x.png */,
				A1D134F3194F2D600060C842 /* presentation.png */,
				A1279D761948598E00EC6B05 /* presentation@2x.png */,
				A1D134F5194F2D600060C842 /* richtext.png */,
				A1279D781948598E00EC6B05 /* richtext@2x.png */,
				A1D134EA194F2D600060C842 /* spreadsheet.png */,
				A1279D6D1948598E00EC6B05 /* spreadsheet@2x.png */,
				A1D134F4194F2D600060C842 /* video.png */,
				A1279D771948598E00EC6B05 /* video@2x.png */,
			);
			name = "Document icons";
			sourceTree = "<group>";
		};
		A1D1350F194F2E310060C842 /* Tab bar icons */ = {
			isa = PBXGroup;
			children = (
				A1D134E2194F2D600060C842 /* about.png */,
				A1279D691948598E00EC6B05 /* about@2x.png */,
				A1D134E3194F2D600060C842 /* assets.png */,
				A1279D6A1948598E00EC6B05 /* assets@2x.png */,
				A1D134E9194F2D600060C842 /* entries.png */,
				A1279D6C1948598E00EC6B05 /* entries@2x.png */,
			);
			name = "Tab bar icons";
			sourceTree = "<group>";
		};
		A1D13510194F2E610060C842 /* Buttons */ = {
			isa = PBXGroup;
			children = (
				A1D134E5194F2D600060C842 /* btn_blue.png */,
				A1279D901948863700EC6B05 /* btn_blue@2x.png */,
				A1D134E6194F2D600060C842 /* btn_green.png */,
				A1279D911948863700EC6B05 /* btn_green@2x.png */,
				A1D134EB194F2D600060C842 /* flag.png */,
				A1279D6E1948598E00EC6B05 /* flag@2x.png */,
				A1D134EC194F2D600060C842 /* help.png */,
				A1279D6F1948598E00EC6B05 /* help@2x.png */,
				A1D134EE194F2D600060C842 /* logout.png */,
				A1279D711948598E00EC6B05 /* logout@2x.png */,
			);
			name = Buttons;
			sourceTree = "<group>";
		};
/* End PBXGroup section */

/* Begin PBXNativeTarget section */
		A1279CEA1948555700EC6B05 /* Discovery */ = {
			isa = PBXNativeTarget;
			buildConfigurationList = A1279D171948555700EC6B05 /* Build configuration list for PBXNativeTarget "Discovery" */;
			buildPhases = (
				3B4B92B6FD16422CBA3F9A83 /* Check Pods Manifest.lock */,
				A1279CE71948555700EC6B05 /* Sources */,
				A1279CE81948555700EC6B05 /* Frameworks */,
				A1279CE91948555700EC6B05 /* Resources */,
				E3AFA1B73EC64DACB0C5C91C /* Copy Pods Resources */,
				A1D39569194A08D70083D8E2 /* Show TODOs and FIXMEs */,
			);
			buildRules = (
			);
			dependencies = (
			);
			name = Discovery;
			productName = Discovery;
			productReference = A1279CEB1948555700EC6B05 /* Discovery.app */;
			productType = "com.apple.product-type.application";
		};
/* End PBXNativeTarget section */

/* Begin PBXProject section */
		A1279CE31948555600EC6B05 /* Project object */ = {
			isa = PBXProject;
			attributes = {
				CLASSPREFIX = BBU;
				LastUpgradeCheck = 0510;
				ORGANIZATIONNAME = "Boris Bügling";
			};
			buildConfigurationList = A1279CE61948555700EC6B05 /* Build configuration list for PBXProject "Discovery" */;
			compatibilityVersion = "Xcode 3.2";
			developmentRegion = English;
			hasScannedForEncodings = 0;
			knownRegions = (
				en,
			);
			mainGroup = A1279CE21948555600EC6B05;
			productRefGroup = A1279CEC1948555700EC6B05 /* Products */;
			projectDirPath = "";
			projectRoot = "";
			targets = (
				A1279CEA1948555700EC6B05 /* Discovery */,
			);
		};
/* End PBXProject section */

/* Begin PBXResourcesBuildPhase section */
		A1279CE91948555700EC6B05 /* Resources */ = {
			isa = PBXResourcesBuildPhase;
			buildActionMask = 2147483647;
			files = (
				A1279D881948598E00EC6B05 /* video@2x.png in Resources */,
				A1D1350B194F2D600060C842 /* archive.png in Resources */,
				A1279D871948598E00EC6B05 /* presentation@2x.png in Resources */,
				A1279D861948598E00EC6B05 /* pin@2x.png in Resources */,
				A1D13507194F2D600060C842 /* pin.png in Resources */,
				A1279D821948598E00EC6B05 /* logout@2x.png in Resources */,
				A1D134FB194F2D600060C842 /* btn_green.png in Resources */,
				A1D13506194F2D600060C842 /* pdfdocument.png in Resources */,
				A1D13509194F2D600060C842 /* video.png in Resources */,
				A1D13505194F2D600060C842 /* audio.png in Resources */,
				A1D134FF194F2D600060C842 /* spreadsheet.png in Resources */,
				A1279D7B1948598E00EC6B05 /* assets@2x.png in Resources */,
				A1D1350A194F2D600060C842 /* richtext.png in Resources */,
				A1D134E1194F19EA0060C842 /* fileGroups.json in Resources */,
				A1D134F8194F2D600060C842 /* assets.png in Resources */,
				A1D13503194F2D600060C842 /* logout.png in Resources */,
				A17D37CF194EE50600B39213 /* attachment@2x.png in Resources */,
				A1279D801948598E00EC6B05 /* help@2x.png in Resources */,
				A1279D7A1948598E00EC6B05 /* about@2x.png in Resources */,
				A1D134F9194F2D600060C842 /* attachment.png in Resources */,
				A1279D7D1948598E00EC6B05 /* entries@2x.png in Resources */,
				A1D13504194F2D600060C842 /* map.png in Resources */,
				A1279D951948863700EC6B05 /* contentful-video.mp4 in Resources */,
				A1279D851948598E00EC6B05 /* pdfdocument@2x.png in Resources */,
				A1279D011948555700EC6B05 /* Images.xcassets in Resources */,
				A1279D7F1948598E00EC6B05 /* flag@2x.png in Resources */,
				A1D1350D194F2DF70060C842 /* markup.png in Resources */,
				A1279D7E1948598E00EC6B05 /* spreadsheet@2x.png in Resources */,
				A1D134FE194F2D600060C842 /* entries.png in Resources */,
				A1D13501194F2D600060C842 /* help.png in Resources */,
				A1279D8A1948598E00EC6B05 /* archive@2x.png in Resources */,
				A17D37D1194EE50600B39213 /* markup@2x.png in Resources */,
				A1279D941948863700EC6B05 /* btn_green@2x.png in Resources */,
				A17D37D0194EE50600B39213 /* code@2x.png in Resources */,
				A1279D811948598E00EC6B05 /* logo@2x.png in Resources */,
				A1D134FC194F2D600060C842 /* code.png in Resources */,
				A1279D931948863700EC6B05 /* btn_blue@2x.png in Resources */,
				A1279D831948598E00EC6B05 /* map@2x.png in Resources */,
				A1279D841948598E00EC6B05 /* audio@2x.png in Resources */,
				A1D134FA194F2D600060C842 /* btn_blue.png in Resources */,
				A1D134F7194F2D600060C842 /* about.png in Resources */,
				A1D13502194F2D600060C842 /* logo.png in Resources */,
				A1D13500194F2D600060C842 /* flag.png in Resources */,
				A1279D891948598E00EC6B05 /* richtext@2x.png in Resources */,
				A1D134FD194F2D600060C842 /* document.png in Resources */,
				A1279D7C1948598E00EC6B05 /* document@2x.png in Resources */,
				A1D13508194F2D600060C842 /* presentation.png in Resources */,
			);
			runOnlyForDeploymentPostprocessing = 0;
		};
/* End PBXResourcesBuildPhase section */

/* Begin PBXShellScriptBuildPhase section */
		3B4B92B6FD16422CBA3F9A83 /* Check Pods Manifest.lock */ = {
			isa = PBXShellScriptBuildPhase;
			buildActionMask = 2147483647;
			files = (
			);
			inputPaths = (
			);
			name = "Check Pods Manifest.lock";
			outputPaths = (
			);
			runOnlyForDeploymentPostprocessing = 0;
			shellPath = /bin/sh;
			shellScript = "diff \"${PODS_ROOT}/../Podfile.lock\" \"${PODS_ROOT}/Manifest.lock\" > /dev/null\nif [[ $? != 0 ]] ; then\n    cat << EOM\nerror: The sandbox is not in sync with the Podfile.lock. Run 'pod install' or update your CocoaPods installation.\nEOM\n    exit 1\nfi\n";
			showEnvVarsInLog = 0;
		};
		A1D39569194A08D70083D8E2 /* Show TODOs and FIXMEs */ = {
			isa = PBXShellScriptBuildPhase;
			buildActionMask = 2147483647;
			files = (
			);
			inputPaths = (
			);
			name = "Show TODOs and FIXMEs";
			outputPaths = (
			);
			runOnlyForDeploymentPostprocessing = 0;
			shellPath = /bin/sh;
			shellScript = "KEYWORDS=\"TODO:|FIXME:|\\?\\?\\?:|\\!\\!\\!:\"\nfind \"${SRCROOT}\" \\( -name \"*.h\" -or -name \"*.m\" \\) -print0 | xargs -0 egrep --with-filename --line-number --only-matching \"($KEYWORDS).*\\$\" | grep -v '/Pods/' | perl -p -e \"s/($KEYWORDS)/ warning: \\$1/\"";
		};
		E3AFA1B73EC64DACB0C5C91C /* Copy Pods Resources */ = {
			isa = PBXShellScriptBuildPhase;
			buildActionMask = 2147483647;
			files = (
			);
			inputPaths = (
			);
			name = "Copy Pods Resources";
			outputPaths = (
			);
			runOnlyForDeploymentPostprocessing = 0;
			shellPath = /bin/sh;
			shellScript = "\"${SRCROOT}/Pods/Pods-Discovery-resources.sh\"\n";
			showEnvVarsInLog = 0;
		};
/* End PBXShellScriptBuildPhase section */

/* Begin PBXSourcesBuildPhase section */
		A1279CE71948555700EC6B05 /* Sources */ = {
			isa = PBXSourcesBuildPhase;
			buildActionMask = 2147483647;
			files = (
				A1279D681948597C00EC6B05 /* UIView+Geometry.m in Sources */,
				A1279CFB1948555700EC6B05 /* main.m in Sources */,
				A1279D981948958C00EC6B05 /* BBUSplash.m in Sources */,
				A1279D5A1948597C00EC6B05 /* CDAEntryPreviewDataSource.m in Sources */,
				A1279D581948597C00EC6B05 /* CDAContentTypesViewController.m in Sources */,
				A1279D601948597C00EC6B05 /* CDASpaceSelectionViewController.m in Sources */,
				A1279D501948597C00EC6B05 /* CDAAboutUsViewController.m in Sources */,
				A1279D5F1948597C00EC6B05 /* CDAPrimitiveCell.m in Sources */,
				A1279D611948597C00EC6B05 /* CDASpaceViewController.m in Sources */,
				A1DC5C7319532DA80017B6B1 /* UIColor+Contentful.m in Sources */,
				A1279D571948597C00EC6B05 /* CDABasicCell.m in Sources */,
				A1279D9B194895E000EC6B05 /* UIDevice+BBU.m in Sources */,
				A1DC2DD2194FBC2B00CD0060 /* UIImage+Scaling.m in Sources */,
				A1279D5E1948597C00EC6B05 /* CDAMarkdownCell.mm in Sources */,
				A1279D631948597C00EC6B05 /* CDATutorialController.m in Sources */,
				A1279D541948597C00EC6B05 /* CDAAssetPreviewCell.m in Sources */,
				A1DC5C77195332900017B6B1 /* UIFont+Contentful.m in Sources */,
				A1279D531948597C00EC6B05 /* CDAAssetListViewController.m in Sources */,
				A1279D561948597C00EC6B05 /* CDAAssetThumbnailOperation.m in Sources */,
				A1279D621948597C00EC6B05 /* CDATextEntryCell.m in Sources */,
				A1279D551948597C00EC6B05 /* CDAAssetPreviewController.m in Sources */,
				A1279D661948597C00EC6B05 /* UIImage+AverageColor.m in Sources */,
				A1279D511948597C00EC6B05 /* CDAAppDelegate.m in Sources */,
				A1279D521948597C00EC6B05 /* CDAAssetDetailsViewController.m in Sources */,
				A1279D5D1948597C00EC6B05 /* CDAInlineMapCell.m in Sources */,
				A1279D591948597C00EC6B05 /* CDAEntryPreviewController.m in Sources */,
				A1D3956C194A5B8F0083D8E2 /* UITableView+EmptyView.m in Sources */,
				A1279D641948597C00EC6B05 /* CDATutorialView.m in Sources */,
				A1279D5C1948597C00EC6B05 /* CDAHelpViewController.m in Sources */,
				A1279D651948597C00EC6B05 /* UIApplication+Browser.m in Sources */,
				A1279D5B1948597C00EC6B05 /* CDAHeaderView.m in Sources */,
				A1D6E73B1949024000725E4F /* CDAWebController.m in Sources */,
			);
			runOnlyForDeploymentPostprocessing = 0;
		};
/* End PBXSourcesBuildPhase section */

/* Begin XCBuildConfiguration section */
		A1279D151948555700EC6B05 /* Debug */ = {
			isa = XCBuildConfiguration;
			buildSettings = {
				ALWAYS_SEARCH_USER_PATHS = NO;
				CLANG_CXX_LANGUAGE_STANDARD = "gnu++0x";
				CLANG_CXX_LIBRARY = "libc++";
				CLANG_ENABLE_MODULES = YES;
				CLANG_ENABLE_OBJC_ARC = YES;
				CLANG_WARN_BOOL_CONVERSION = YES;
				CLANG_WARN_CONSTANT_CONVERSION = YES;
				CLANG_WARN_DIRECT_OBJC_ISA_USAGE = YES_ERROR;
				CLANG_WARN_EMPTY_BODY = YES;
				CLANG_WARN_ENUM_CONVERSION = YES;
				CLANG_WARN_INT_CONVERSION = YES;
				CLANG_WARN_OBJC_ROOT_CLASS = YES_ERROR;
				CLANG_WARN__DUPLICATE_METHOD_MATCH = YES;
				"CODE_SIGN_IDENTITY[sdk=iphoneos*]" = "iPhone Developer";
				COPY_PHASE_STRIP = NO;
				GCC_C_LANGUAGE_STANDARD = gnu99;
				GCC_DYNAMIC_NO_PIC = NO;
				GCC_OPTIMIZATION_LEVEL = 0;
				GCC_PREPROCESSOR_DEFINITIONS = (
					"DEBUG=1",
					"$(inherited)",
				);
				GCC_SYMBOLS_PRIVATE_EXTERN = NO;
				GCC_WARN_64_TO_32_BIT_CONVERSION = YES;
				GCC_WARN_ABOUT_RETURN_TYPE = YES_ERROR;
				GCC_WARN_UNDECLARED_SELECTOR = YES;
				GCC_WARN_UNINITIALIZED_AUTOS = YES_AGGRESSIVE;
				GCC_WARN_UNUSED_FUNCTION = YES;
				GCC_WARN_UNUSED_VARIABLE = YES;
				IPHONEOS_DEPLOYMENT_TARGET = 7.0;
				ONLY_ACTIVE_ARCH = YES;
				SDKROOT = iphoneos;
			};
			name = Debug;
		};
		A1279D161948555700EC6B05 /* Release */ = {
			isa = XCBuildConfiguration;
			buildSettings = {
				ALWAYS_SEARCH_USER_PATHS = NO;
				CLANG_CXX_LANGUAGE_STANDARD = "gnu++0x";
				CLANG_CXX_LIBRARY = "libc++";
				CLANG_ENABLE_MODULES = YES;
				CLANG_ENABLE_OBJC_ARC = YES;
				CLANG_WARN_BOOL_CONVERSION = YES;
				CLANG_WARN_CONSTANT_CONVERSION = YES;
				CLANG_WARN_DIRECT_OBJC_ISA_USAGE = YES_ERROR;
				CLANG_WARN_EMPTY_BODY = YES;
				CLANG_WARN_ENUM_CONVERSION = YES;
				CLANG_WARN_INT_CONVERSION = YES;
				CLANG_WARN_OBJC_ROOT_CLASS = YES_ERROR;
				CLANG_WARN__DUPLICATE_METHOD_MATCH = YES;
				"CODE_SIGN_IDENTITY[sdk=iphoneos*]" = "iPhone Developer";
				COPY_PHASE_STRIP = YES;
				ENABLE_NS_ASSERTIONS = NO;
				GCC_C_LANGUAGE_STANDARD = gnu99;
				GCC_WARN_64_TO_32_BIT_CONVERSION = YES;
				GCC_WARN_ABOUT_RETURN_TYPE = YES_ERROR;
				GCC_WARN_UNDECLARED_SELECTOR = YES;
				GCC_WARN_UNINITIALIZED_AUTOS = YES_AGGRESSIVE;
				GCC_WARN_UNUSED_FUNCTION = YES;
				GCC_WARN_UNUSED_VARIABLE = YES;
				IPHONEOS_DEPLOYMENT_TARGET = 7.0;
				SDKROOT = iphoneos;
				VALIDATE_PRODUCT = YES;
			};
			name = Release;
		};
		A1279D181948555700EC6B05 /* Debug */ = {
			isa = XCBuildConfiguration;
			baseConfigurationReference = 01EE5E5497134C419419C9FF /* Pods-Discovery.xcconfig */;
			buildSettings = {
				ASSETCATALOG_COMPILER_APPICON_NAME = AppIcon;
				ASSETCATALOG_COMPILER_LAUNCHIMAGE_NAME = LaunchImage;
				GCC_PRECOMPILE_PREFIX_HEADER = YES;
				GCC_PREFIX_HEADER = "Supporting_Files/Discovery-Prefix.pch";
				GCC_TREAT_WARNINGS_AS_ERRORS = YES;
				INFOPLIST_FILE = "$(SRCROOT)/Supporting_Files/Discovery-Info.plist";
				IPHONEOS_DEPLOYMENT_TARGET = 7.0;
				PRODUCT_NAME = "$(TARGET_NAME)";
				TARGETED_DEVICE_FAMILY = "1,2";
				WRAPPER_EXTENSION = app;
			};
			name = Debug;
		};
		A1279D191948555700EC6B05 /* Release */ = {
			isa = XCBuildConfiguration;
			baseConfigurationReference = 01EE5E5497134C419419C9FF /* Pods-Discovery.xcconfig */;
			buildSettings = {
				ASSETCATALOG_COMPILER_APPICON_NAME = AppIcon;
				ASSETCATALOG_COMPILER_LAUNCHIMAGE_NAME = LaunchImage;
				GCC_PRECOMPILE_PREFIX_HEADER = YES;
				GCC_PREFIX_HEADER = "Supporting_Files/Discovery-Prefix.pch";
				GCC_TREAT_WARNINGS_AS_ERRORS = YES;
				INFOPLIST_FILE = "$(SRCROOT)/Supporting_Files/Discovery-Info.plist";
				IPHONEOS_DEPLOYMENT_TARGET = 7.0;
				PRODUCT_NAME = "$(TARGET_NAME)";
				TARGETED_DEVICE_FAMILY = "1,2";
				WRAPPER_EXTENSION = app;
			};
			name = Release;
		};
/* End XCBuildConfiguration section */

/* Begin XCConfigurationList section */
		A1279CE61948555700EC6B05 /* Build configuration list for PBXProject "Discovery" */ = {
			isa = XCConfigurationList;
			buildConfigurations = (
				A1279D151948555700EC6B05 /* Debug */,
				A1279D161948555700EC6B05 /* Release */,
			);
			defaultConfigurationIsVisible = 0;
			defaultConfigurationName = Release;
		};
		A1279D171948555700EC6B05 /* Build configuration list for PBXNativeTarget "Discovery" */ = {
			isa = XCConfigurationList;
			buildConfigurations = (
				A1279D181948555700EC6B05 /* Debug */,
				A1279D191948555700EC6B05 /* Release */,
			);
			defaultConfigurationIsVisible = 0;
			defaultConfigurationName = Release;
		};
/* End XCConfigurationList section */
	};
	rootObject = A1279CE31948555600EC6B05 /* Project object */;
}
